Microsoft Visual Studio Solution File, Format Version 11.00
# Visual Studio 2008

Project("{8037087F-3A85-87DC-B8C7-FAF27D79DE7E}") = "FishHunt", "Assembly-CSharp-firstpass-vs.csproj", "{ED61AD09-D84A-86E3-2850-8B8FC3A3463C}"
EndProject
Project("{8037087F-3A85-87DC-B8C7-FAF27D79DE7E}") = "FishHunt", "Assembly-CSharp-vs.csproj", "{F5F405EA-A832-82C7-B9BB-40863AFB4263}"
EndProject
Project("{8037087F-3A85-87DC-B8C7-FAF27D79DE7E}") = "FishHunt", "Assembly-CSharp-Editor-vs.csproj", "{C17E354C-3E86-D2DB-10E2-074727AE6187}"
EndProject
Global
	GlobalSection(SolutionConfigurationPlatforms) = preSolution
		Debug|Any CPU = Debug|Any CPU
		Release|Any CPU = Release|Any CPU
	EndGlobalSection
	GlobalSection(ProjectConfigurationPlatforms) = postSolution
		{ED61AD09-D84A-86E3-2850-8B8FC3A3463C}.Debug|Any CPU.ActiveCfg = Debug|Any CPU
		{ED61AD09-D84A-86E3-2850-8B8FC3A3463C}.Debug|Any CPU.Build.0 = Debug|Any CPU
		{ED61AD09-D84A-86E3-2850-8B8FC3A3463C}.Release|Any CPU.ActiveCfg = Release|Any CPU
		{ED61AD09-D84A-86E3-2850-8B8FC3A3463C}.Release|Any CPU.Build.0 = Release|Any CPU
		{F5F405EA-A832-82C7-B9BB-40863AFB4263}.Debug|Any CPU.ActiveCfg = Debug|Any CPU
		{F5F405EA-A832-82C7-B9BB-40863AFB4263}.Debug|Any CPU.Build.0 = Debug|Any CPU
		{F5F405EA-A832-82C7-B9BB-40863AFB4263}.Release|Any CPU.ActiveCfg = Release|Any CPU
		{F5F405EA-A832-82C7-B9BB-40863AFB4263}.Release|Any CPU.Build.0 = Release|Any CPU
		{C17E354C-3E86-D2DB-10E2-074727AE6187}.Debug|Any CPU.ActiveCfg = Debug|Any CPU
		{C17E354C-3E86-D2DB-10E2-074727AE6187}.Debug|Any CPU.Build.0 = Debug|Any CPU
		{C17E354C-3E86-D2DB-10E2-074727AE6187}.Release|Any CPU.ActiveCfg = Release|Any CPU
		{C17E354C-3E86-D2DB-10E2-074727AE6187}.Release|Any CPU.Build.0 = Release|Any CPU
	EndGlobalSection
	GlobalSection(SolutionProperties) = preSolution
		HideSolutionNode = FALSE
	EndGlobalSection
																																																																	GlobalSection(MonoDevelopProperties) = preSolution
		StartupItem = Assembly-CSharp.csproj
		Policies = $0
		$0.TextStylePolicy = $1
		$1.inheritsSet = null
		$1.scope = text/x-csharp
		$0.CSharpFormattingPolicy = $2
		$2.inheritsSet = Mono
		$2.inheritsScope = text/x-csharp
		$2.scope = text/x-csharp
		$0.TextStylePolicy = $3
		$3.FileWidth = 120
		$3.TabWidth = 4
		$3.EolMarker = Unix
		$3.inheritsSet = Mono
		$3.inheritsScope = text/plain
		$3.scope = text/plain
	EndGlobalSection

EndGlobal
